
Microsoft Visual Studio Solution File, Format Version 12.00
# Visual Studio Version 16
VisualStudioVersion = 16.0.29102.190
MinimumVisualStudioVersion = 10.0.40219.1
Project("{FAE04EC0-301F-11D3-BF4B-00C04F79EFBC}") = "XmlDemo", "XmlDemo\XmlDemo.csproj", "{2347113F-DD7A-4872-AD48-3A96FFC26B3C}"
EndProject
Global
	GlobalSection(SolutionConfigurationPlatforms) = preSolution
		Debug|Any CPU = Debug|Any CPU
		Release|Any CPU = Release|Any CPU
	EndGlobalSection
	GlobalSection(ProjectConfigurationPlatforms) = postSolution
		{2347113F-DD7A-4872-AD48-3A96FFC26B3C}.Debug|Any CPU.ActiveCfg = Debug|Any CPU
		{2347113F-DD7A-4872-AD48-3A96FFC26B3C}.Debug|Any CPU.Build.0 = Debug|Any CPU
		{2347113F-DD7A-4872-AD48-3A96FFC26B3C}.Release|Any CPU.ActiveCfg = Release|Any CPU
		{2347113F-DD7A-4872-AD48-3A96FFC26B3C}.Release|Any CPU.Build.0 = Release|Any CPU
	EndGlobalSection
	GlobalSection(SolutionProperties) = preSolution
		HideSolutionNode = FALSE
	EndGlobalSection
	GlobalSection(ExtensibilityGlobals) = postSolution
		SolutionGuid = {E0E63B66-4D4C-4197-A3E6-5E0F523E5350}
	EndGlobalSection
EndGlobal
